
Microsoft Visual Studio Solution File, Format Version 12.00
# Visual Studio Version 16
VisualStudioVersion = 16.0.30204.135
MinimumVisualStudioVersion = 10.0.40219.1
Project("{888888A0-9F3D-457C-B088-3A5042F75D52}") = "DjangoWebProject1", "DjangoWebProject1\DjangoWebProject1.pyproj", "{55AD8452-33DA-4FB3-815B-726ADB605385}"
EndProject
Global
	GlobalSection(SolutionConfigurationPlatforms) = preSolution
		Debug|Any CPU = Debug|Any CPU
		Release|Any CPU = Release|Any CPU
	EndGlobalSection
	GlobalSection(ProjectConfigurationPlatforms) = postSolution
		{55AD8452-33DA-4FB3-815B-726ADB605385}.Debug|Any CPU.ActiveCfg = Debug|Any CPU
		{55AD8452-33DA-4FB3-815B-726ADB605385}.Debug|Any CPU.Build.0 = Debug|Any CPU
		{55AD8452-33DA-4FB3-815B-726ADB605385}.Release|Any CPU.ActiveCfg = Release|Any CPU
		{55AD8452-33DA-4FB3-815B-726ADB605385}.Release|Any CPU.Build.0 = Release|Any CPU
	EndGlobalSection
	GlobalSection(SolutionProperties) = preSolution
		HideSolutionNode = FALSE
	EndGlobalSection
	GlobalSection(ExtensibilityGlobals) = postSolution
		SolutionGuid = {EE10D930-58C6-42F8-9022-261324EFD938}
	EndGlobalSection
EndGlobal
