
Microsoft Visual Studio Solution File, Format Version 12.00
# Visual Studio Version 16
VisualStudioVersion = 16.0.30204.135
MinimumVisualStudioVersion = 10.0.40219.1
Project("{888888A0-9F3D-457C-B088-3A5042F75D52}") = "DjangoWebProject1", "DjangoWebProject1\DjangoWebProject1.pyproj", "{55AD8452-33DA-4FB3-815B-726ADB605385}"
EndProject
Project("{888888A0-9F3D-457C-B088-3A5042F75D52}") = "DjangoWebProject2", "DjangoWebProject2\DjangoWebProject2.pyproj", "{D74D576F-F81E-40F3-B7FC-5E9AE38630D8}"
EndProject
Project("{888888A0-9F3D-457C-B088-3A5042F75D52}") = "DjangoWebProject3", "DjangoWebProject3\DjangoWebProject3.pyproj", "{28418D58-35A5-49A0-90AF-DF8027A71B1B}"
EndProject
Project("{888888A0-9F3D-457C-B088-3A5042F75D52}") = "DjangoWebProject4", "DjangoWebProject4\DjangoWebProject4.pyproj", "{0EA95272-1C9B-4B3E-9608-7FC34CEA1773}"
EndProject
Project("{888888A0-9F3D-457C-B088-3A5042F75D52}") = "DjangoWebProject5", "DjangoWebProject5\DjangoWebProject5.pyproj", "{27AD9A40-609E-4F4A-968E-32BFD428008E}"
EndProject
Global
	GlobalSection(SolutionConfigurationPlatforms) = preSolution
		Debug|Any CPU = Debug|Any CPU
		Release|Any CPU = Release|Any CPU
	EndGlobalSection
	GlobalSection(ProjectConfigurationPlatforms) = postSolution
		{55AD8452-33DA-4FB3-815B-726ADB605385}.Debug|Any CPU.ActiveCfg = Debug|Any CPU
		{55AD8452-33DA-4FB3-815B-726ADB605385}.Debug|Any CPU.Build.0 = Debug|Any CPU
		{55AD8452-33DA-4FB3-815B-726ADB605385}.Release|Any CPU.ActiveCfg = Release|Any CPU
		{55AD8452-33DA-4FB3-815B-726ADB605385}.Release|Any CPU.Build.0 = Release|Any CPU
		{D74D576F-F81E-40F3-B7FC-5E9AE38630D8}.Debug|Any CPU.ActiveCfg = Debug|Any CPU
		{D74D576F-F81E-40F3-B7FC-5E9AE38630D8}.Debug|Any CPU.Build.0 = Debug|Any CPU
		{D74D576F-F81E-40F3-B7FC-5E9AE38630D8}.Release|Any CPU.ActiveCfg = Release|Any CPU
		{D74D576F-F81E-40F3-B7FC-5E9AE38630D8}.Release|Any CPU.Build.0 = Release|Any CPU
		{28418D58-35A5-49A0-90AF-DF8027A71B1B}.Debug|Any CPU.ActiveCfg = Debug|Any CPU
		{28418D58-35A5-49A0-90AF-DF8027A71B1B}.Debug|Any CPU.Build.0 = Debug|Any CPU
		{28418D58-35A5-49A0-90AF-DF8027A71B1B}.Release|Any CPU.ActiveCfg = Release|Any CPU
		{28418D58-35A5-49A0-90AF-DF8027A71B1B}.Release|Any CPU.Build.0 = Release|Any CPU
		{0EA95272-1C9B-4B3E-9608-7FC34CEA1773}.Debug|Any CPU.ActiveCfg = Debug|Any CPU
		{0EA95272-1C9B-4B3E-9608-7FC34CEA1773}.Debug|Any CPU.Build.0 = Debug|Any CPU
		{0EA95272-1C9B-4B3E-9608-7FC34CEA1773}.Release|Any CPU.ActiveCfg = Release|Any CPU
		{0EA95272-1C9B-4B3E-9608-7FC34CEA1773}.Release|Any CPU.Build.0 = Release|Any CPU
		{27AD9A40-609E-4F4A-968E-32BFD428008E}.Debug|Any CPU.ActiveCfg = Debug|Any CPU
		{27AD9A40-609E-4F4A-968E-32BFD428008E}.Debug|Any CPU.Build.0 = Debug|Any CPU
		{27AD9A40-609E-4F4A-968E-32BFD428008E}.Release|Any CPU.ActiveCfg = Release|Any CPU
		{27AD9A40-609E-4F4A-968E-32BFD428008E}.Release|Any CPU.Build.0 = Release|Any CPU
	EndGlobalSection
	GlobalSection(SolutionProperties) = preSolution
		HideSolutionNode = FALSE
	EndGlobalSection
	GlobalSection(ExtensibilityGlobals) = postSolution
		SolutionGuid = {EE10D930-58C6-42F8-9022-261324EFD938}
	EndGlobalSection
EndGlobal
